PODS:
  - ActionKit (2.5.3)
  - IQKeyboardManagerSwift (7.0.1)

DEPENDENCIES:
  - ActionKit (~> 2.5.2)
  - IQKeyboardManagerSwift

SPEC REPOS:
  trunk:
    - ActionKit
    - IQKeyboardManagerSwift

SPEC CHECKSUMS:
  ActionKit: c1b6427fd36a0fe2223555679bcc5dea437af5b3
  IQKeyboardManagerSwift: 7f6b1b1d1497855d2beea7f2f10ffcc6978525b1

PODFILE CHECKSUM: 5c9051183178d73ce5aff388cf4c5c7ca3cdf489

COCOAPODS: 1.15.2
